
Microsoft Visual Studio Solution File, Format Version 12.00
# Visual Studio Version 17
VisualStudioVersion = 17.5.002.0
MinimumVisualStudioVersion = 10.0.40219.1
Project("{9A19103F-16F7-4668-BE54-9A1E7A4F7556}") = "Nop.Web", "Nop.Web\Nop.Web.csproj", "{68819589-54B9-476F-AD29-42F6D4836E80}"
EndProject
Project("{9A19103F-16F7-4668-BE54-9A1E7A4F7556}") = "Nop.Web.Framework", "Nop.Web.Framework\Nop.Web.Framework.csproj", "{3BB4DAF7-891A-4791-97C2-0D519D3AAB9C}"
EndProject
Global
	GlobalSection(SolutionConfigurationPlatforms) = preSolution
		Debug|Any CPU = Debug|Any CPU
		Release|Any CPU = Release|Any CPU
	EndGlobalSection
	GlobalSection(ProjectConfigurationPlatforms) = postSolution
		{68819589-54B9-476F-AD29-42F6D4836E80}.Debug|Any CPU.ActiveCfg = Debug|Any CPU
		{68819589-54B9-476F-AD29-42F6D4836E80}.Debug|Any CPU.Build.0 = Debug|Any CPU
		{68819589-54B9-476F-AD29-42F6D4836E80}.Release|Any CPU.ActiveCfg = Release|Any CPU
		{68819589-54B9-476F-AD29-42F6D4836E80}.Release|Any CPU.Build.0 = Release|Any CPU
		{3BB4DAF7-891A-4791-97C2-0D519D3AAB9C}.Debug|Any CPU.ActiveCfg = Debug|Any CPU
		{3BB4DAF7-891A-4791-97C2-0D519D3AAB9C}.Debug|Any CPU.Build.0 = Debug|Any CPU
		{3BB4DAF7-891A-4791-97C2-0D519D3AAB9C}.Release|Any CPU.ActiveCfg = Release|Any CPU
		{3BB4DAF7-891A-4791-97C2-0D519D3AAB9C}.Release|Any CPU.Build.0 = Release|Any CPU
	EndGlobalSection
	GlobalSection(SolutionProperties) = preSolution
		HideSolutionNode = FALSE
	EndGlobalSection
	GlobalSection(ExtensibilityGlobals) = postSolution
		SolutionGuid = {417BEF71-9378-4622-A0C7-BD72B9020870}
	EndGlobalSection
EndGlobal
